
Microsoft Visual Studio Solution File, Format Version 12.00
# Visual Studio 15
VisualStudioVersion = 15.0.28010.2041
MinimumVisualStudioVersion = 10.0.40219.1
Project("{FAE04EC0-301F-11D3-BF4B-00C04F79EFBC}") = "11AdvFractionMath", "09FractionMath\11AdvFractionMath.csproj", "{8E68F249-47C7-427E-8551-60F5ED2F4BB1}"
EndProject
Global
	GlobalSection(SolutionConfigurationPlatforms) = preSolution
		Debug|Any CPU = Debug|Any CPU
		Release|Any CPU = Release|Any CPU
	EndGlobalSection
	GlobalSection(ProjectConfigurationPlatforms) = postSolution
		{8E68F249-47C7-427E-8551-60F5ED2F4BB1}.Debug|Any CPU.ActiveCfg = Debug|Any CPU
		{8E68F249-47C7-427E-8551-60F5ED2F4BB1}.Debug|Any CPU.Build.0 = Debug|Any CPU
		{8E68F249-47C7-427E-8551-60F5ED2F4BB1}.Release|Any CPU.ActiveCfg = Release|Any CPU
		{8E68F249-47C7-427E-8551-60F5ED2F4BB1}.Release|Any CPU.Build.0 = Release|Any CPU
	EndGlobalSection
	GlobalSection(SolutionProperties) = preSolution
		HideSolutionNode = FALSE
	EndGlobalSection
	GlobalSection(ExtensibilityGlobals) = postSolution
		SolutionGuid = {3450BDD0-1F85-4F4C-8F0D-E1A13136C5E8}
	EndGlobalSection
EndGlobal
